{
  "name": "streamlib",
  "version": "1.0.0",
  "lockfileVersion": 1,
  "requires": true,
  "dependencies": {
    "runeterra": {
      "version": "0.0.7",
      "resolved": "https://registry.npmjs.org/runeterra/-/runeterra-0.0.7.tgz",
      "integrity": "sha512-MEq11rwi3xlnnlBQv0aVpkIhU8jV/a/eUcULdhv+l+xektwE1auBKG6yp6qtPGfyYtPrE63zb8lSN3DBnbZ82w=="
    }
  }
}
